
Microsoft Visual Studio Solution File, Format Version 12.00
# Visual Studio Version 17
VisualStudioVersion = 17.6.33815.320
MinimumVisualStudioVersion = 10.0.40219.1
Project("{2150E333-8FDC-42A3-9474-1A3956D46DE8}") = "N2", "N2", "{0AA44B92-19CC-4937-80D3-ED0186705ABE}"
EndProject
Project("{9A19103F-16F7-4668-BE54-9A1E7A4F7556}") = "HT1", "HT1\HT1.csproj", "{7075FAF0-B5B1-436C-A4BB-1C77FD79A235}"
EndProject
Project("{9A19103F-16F7-4668-BE54-9A1E7A4F7556}") = "Tic-Tac-Toe HT2", "Tic-Tac-Toe HT2\Tic-Tac-Toe HT2.csproj", "{76EE5ED5-40D8-4FE1-866A-070841D25040}"
EndProject
Project("{2150E333-8FDC-42A3-9474-1A3956D46DE8}") = "N3", "N3", "{5A26FEDB-E7FF-4C71-AE12-97BE24B2A803}"
EndProject
Project("{9A19103F-16F7-4668-BE54-9A1E7A4F7556}") = "HT3", "HT3\HT3.csproj", "{CEB98810-6814-4F87-8A4A-223E583A13E1}"
EndProject
Project("{2150E333-8FDC-42A3-9474-1A3956D46DE8}") = "N4", "N4", "{92F8D92D-4E2D-4661-963F-83A51455FC7F}"
EndProject
Project("{9A19103F-16F7-4668-BE54-9A1E7A4F7556}") = "HT4", "HT4\HT4.csproj", "{877CE780-8354-440E-AA19-49C25D835745}"
EndProject
Project("{9A19103F-16F7-4668-BE54-9A1E7A4F7556}") = "email", "email\email.csproj", "{19D9C6DC-4B73-4D0B-8CD3-DF1A064AE93A}"
EndProject
Project("{2150E333-8FDC-42A3-9474-1A3956D46DE8}") = "N5", "N5", "{9E5D59E5-4EF2-41F6-ADC7-4C90E73B30B3}"
EndProject
Project("{9A19103F-16F7-4668-BE54-9A1E7A4F7556}") = "TestDasturi", "TestDasturi\TestDasturi.csproj", "{2B977A6A-97AD-4007-B46A-773C2434D7CF}"
EndProject
Project("{9A19103F-16F7-4668-BE54-9A1E7A4F7556}") = "OddiyCalculyator", "OddiyCalculyator\OddiyCalculyator.csproj", "{90BB8F09-7E78-488F-9671-14F534EAA0D8}"
EndProject
Project("{2150E333-8FDC-42A3-9474-1A3956D46DE8}") = "Masalalar uchun", "Masalalar uchun", "{67DA7351-D0CB-424A-BBC1-1D8E2503A56B}"
EndProject
Project("{9A19103F-16F7-4668-BE54-9A1E7A4F7556}") = "LeetCode", "LeetCode\LeetCode.csproj", "{7861229C-D153-43E6-9E6B-6B29428619C8}"
EndProject
Project("{2150E333-8FDC-42A3-9474-1A3956D46DE8}") = "N6", "N6", "{59F60DED-9C82-447B-98E1-1C5B73395E2D}"
EndProject
Project("{2150E333-8FDC-42A3-9474-1A3956D46DE8}") = "Task", "Task", "{D3A4C860-F5E5-43CD-B95C-FF1CA5B1B61F}"
EndProject
Project("{2150E333-8FDC-42A3-9474-1A3956D46DE8}") = "HomeTask", "HomeTask", "{03E7E7CB-C3BA-451E-BC5A-A148EE46C3A9}"
EndProject
Project("{9A19103F-16F7-4668-BE54-9A1E7A4F7556}") = "Task", "Task\Task.csproj", "{D11ABCFD-F4C4-459B-841A-366F71FC28C9}"
EndProject
Project("{9A19103F-16F7-4668-BE54-9A1E7A4F7556}") = "Masala_TugulganKun", "Masala_TugulganKun\Masala_TugulganKun.csproj", "{47FEC370-EE38-4E90-8141-E861A4F5641B}"
EndProject
Project("{9A19103F-16F7-4668-BE54-9A1E7A4F7556}") = "Imtihon", "Imtihon\Imtihon.csproj", "{82872096-987A-498B-9629-69FC0A14B32A}"
EndProject
Project("{9A19103F-16F7-4668-BE54-9A1E7A4F7556}") = "N6-HT1", "N6-HT1\N6-HT1.csproj", "{DAC28CA3-11EB-4DAF-B37E-6E4052C31221}"
EndProject
Project("{9A19103F-16F7-4668-BE54-9A1E7A4F7556}") = "N6-HT2", "N6-HT2\N6-HT2.csproj", "{DAB89013-47DE-491C-A03F-47572FCFC253}"
EndProject
Project("{2150E333-8FDC-42A3-9474-1A3956D46DE8}") = "N7", "N7", "{D1876037-830E-40F5-B851-8E11C8FCEE88}"
EndProject
Project("{2150E333-8FDC-42A3-9474-1A3956D46DE8}") = "HomeTask", "HomeTask", "{C303C6CC-302E-4EC4-82C2-E1EFCC80BE22}"
EndProject
Project("{2150E333-8FDC-42A3-9474-1A3956D46DE8}") = "Task", "Task", "{67BA6913-54DE-4914-982D-D7292E675752}"
EndProject
Project("{9A19103F-16F7-4668-BE54-9A1E7A4F7556}") = "Meeting Scheduler", "Meeting Scheduler\Meeting Scheduler.csproj", "{A6C008A6-0395-42A9-A434-E41B4986A195}"
EndProject
Project("{9A19103F-16F7-4668-BE54-9A1E7A4F7556}") = "N7-HT1", "N7-HT1\N7-HT1.csproj", "{E49F547D-C1D4-4063-B6BC-D1AD95FB26AE}"
EndProject
Project("{2150E333-8FDC-42A3-9474-1A3956D46DE8}") = "N8", "N8", "{14472FCB-066C-4E01-91B9-AD7B3387F4FF}"
EndProject
Project("{2150E333-8FDC-42A3-9474-1A3956D46DE8}") = "HomeTask", "HomeTask", "{DDBF8840-5396-4FD5-8624-0CAFD5C72E28}"
EndProject
Project("{2150E333-8FDC-42A3-9474-1A3956D46DE8}") = "Task", "Task", "{0AA5D67C-1FA5-4007-9D19-3E445E0FE60F}"
EndProject
Project("{9A19103F-16F7-4668-BE54-9A1E7A4F7556}") = "Lesson_8", "Lesson_8\Lesson_8.csproj", "{51F40A9D-D582-4E79-81A3-8F69FEFF3E6F}"
EndProject
Project("{9A19103F-16F7-4668-BE54-9A1E7A4F7556}") = "N8-HT1", "N8-HT1\N8-HT1.csproj", "{0AE9AFB3-FD43-4A9D-80A0-8CE927242965}"
EndProject
Project("{9A19103F-16F7-4668-BE54-9A1E7A4F7556}") = "N8-HT2_", "N8-HT2_\N8-HT2_.csproj", "{14E830B1-0B21-4AF0-8624-40B1955EF7CB}"
EndProject
Project("{9A19103F-16F7-4668-BE54-9A1E7A4F7556}") = "StringBuilder", "StringBuilder\StringBuilder.csproj", "{57319AA7-2AA2-4C95-9E90-59E90FE8FB29}"
EndProject
Project("{2150E333-8FDC-42A3-9474-1A3956D46DE8}") = "N9", "N9", "{2ED83971-A7BB-4C91-B621-A6C8D35C696E}"
EndProject
Project("{9A19103F-16F7-4668-BE54-9A1E7A4F7556}") = "N9-HT1", "N9-HT1\N9-HT1.csproj", "{F9795072-3A24-4C04-94CA-63D94857B49A}"
EndProject
Project("{9A19103F-16F7-4668-BE54-9A1E7A4F7556}") = "N9-HT2", "N9-HT2\N9-HT2.csproj", "{776273C4-FD05-4EC0-B310-3600962C7405}"
EndProject
Project("{2150E333-8FDC-42A3-9474-1A3956D46DE8}") = "N10", "N10", "{B425CC8D-D763-4B40-835F-E215B2EEE4E6}"
EndProject
Project("{2150E333-8FDC-42A3-9474-1A3956D46DE8}") = "Task", "Task", "{C19F5ED0-843E-499B-99B1-33305A6DB088}"
EndProject
Project("{2150E333-8FDC-42A3-9474-1A3956D46DE8}") = "HomeTask", "HomeTask", "{8378CBB1-3809-464F-AC2E-9B992857937A}"
EndProject
Project("{9A19103F-16F7-4668-BE54-9A1E7A4F7556}") = "Narxlar", "Narxlar\Narxlar.csproj", "{CA257DC5-BCBC-4622-BF00-E39CC98EA204}"
EndProject
Project("{9A19103F-16F7-4668-BE54-9A1E7A4F7556}") = "YoshniTekshirish", "YoshniTekshirish\YoshniTekshirish.csproj", "{1710DAC8-C7A8-497D-83C1-611578CAB814}"
EndProject
Project("{9A19103F-16F7-4668-BE54-9A1E7A4F7556}") = "SonniTopishDasturi", "SonniTopishDasturi\SonniTopishDasturi.csproj", "{FA280411-AA4A-4A65-AEB4-5C62317C635F}"
EndProject
Project("{9A19103F-16F7-4668-BE54-9A1E7A4F7556}") = "N10-HT1", "N10-HT1\N10-HT1.csproj", "{76ED9577-6B4A-4911-A3CF-B17B31755D19}"
EndProject
Project("{2150E333-8FDC-42A3-9474-1A3956D46DE8}") = "N11", "N11", "{A280CDD4-6540-4EF4-BA56-F76A9402C564}"
EndProject
Project("{2150E333-8FDC-42A3-9474-1A3956D46DE8}") = "Tasks", "Tasks", "{5CD54DA0-736D-4D9B-A719-D3E49A3207FB}"
EndProject
Project("{2150E333-8FDC-42A3-9474-1A3956D46DE8}") = "HomeTasks", "HomeTasks", "{4CEECB75-57E5-44B6-B675-DF9E3694B251}"
EndProject
Project("{9A19103F-16F7-4668-BE54-9A1E7A4F7556}") = "DocumentAnalyzer", "DocumentAnalyzer\DocumentAnalyzer.csproj", "{17A936A4-F89C-4820-B14D-774D9D9C4A81}"
EndProject
Project("{9A19103F-16F7-4668-BE54-9A1E7A4F7556}") = "N10-HT2", "N10-HT2\N10-HT2.csproj", "{1831CDDB-295A-44C3-A518-18342E1B2343}"
EndProject
Project("{9A19103F-16F7-4668-BE54-9A1E7A4F7556}") = "N11-HT1", "N11-HT1\N11-HT1.csproj", "{439509C7-610A-4165-85FC-7D819FF5EE8F}"
EndProject
Project("{9A19103F-16F7-4668-BE54-9A1E7A4F7556}") = "N11-HT2", "N11-HT2\N11-HT2.csproj", "{C77EE16F-7E01-4304-BD65-D17BD926A821}"
EndProject
Project("{2150E333-8FDC-42A3-9474-1A3956D46DE8}") = "N12", "N12", "{88104FFE-A9A6-4FC2-A7A7-A3BA28A2FAA1}"
EndProject
Project("{2150E333-8FDC-42A3-9474-1A3956D46DE8}") = "Task", "Task", "{E73021AE-B0D7-439A-98E6-CE3E5A1F81F4}"
EndProject
Project("{2150E333-8FDC-42A3-9474-1A3956D46DE8}") = "HomeTasks", "HomeTasks", "{B842076A-8662-4013-906D-E7381DE10D2A}"
EndProject
Project("{9A19103F-16F7-4668-BE54-9A1E7A4F7556}") = "N12 - T1", "N12 - T1\N12 - T1.csproj", "{3B558347-3B95-432F-8F16-25A852C1FAC8}"
EndProject
Project("{9A19103F-16F7-4668-BE54-9A1E7A4F7556}") = "N12- T2", "N12- T2\N12- T2.csproj", "{6673DD5A-C06A-461B-AEC3-F4231CA16613}"
EndProject
Project("{9A19103F-16F7-4668-BE54-9A1E7A4F7556}") = "N12 - T3", "N12 - T3\N12 - T3.csproj", "{D1D68F2B-1A5B-415B-BC7B-DDD4CD4DFCBB}"
EndProject
Project("{9A19103F-16F7-4668-BE54-9A1E7A4F7556}") = "N12 - T4", "N12 - T4\N12 - T4.csproj", "{F44C3752-F907-4F62-A5C2-069E36E7639E}"
EndProject
Project("{9A19103F-16F7-4668-BE54-9A1E7A4F7556}") = "N12 - T5", "N12 - T5\N12 - T5.csproj", "{9633D73F-13D1-471F-90B1-BADD6D2EB5C6}"
EndProject
Project("{9A19103F-16F7-4668-BE54-9A1E7A4F7556}") = "N12 - t6", "N12 - t6\N12 - t6.csproj", "{640B3520-DC03-423B-9D4D-2E8C3B772066}"
EndProject
Project("{9A19103F-16F7-4668-BE54-9A1E7A4F7556}") = "N12 - HT1", "N12 - HT1\N12 - HT1.csproj", "{133723E4-A49C-4FCB-9714-AEAA7236781A}"
EndProject
Project("{9A19103F-16F7-4668-BE54-9A1E7A4F7556}") = "N12 - HT2", "N12 - HT2\N12 - HT2.csproj", "{D29A2095-ED72-4A22-9FB5-3C39C6689643}"
EndProject
Project("{2150E333-8FDC-42A3-9474-1A3956D46DE8}") = "N13", "N13", "{D1574679-C17A-40E1-91CC-839A9980B0C2}"
EndProject
Project("{2150E333-8FDC-42A3-9474-1A3956D46DE8}") = "Tasks", "Tasks", "{D9C2213D-FFB2-4A37-9DE8-0AD421882FCA}"
EndProject
Project("{2150E333-8FDC-42A3-9474-1A3956D46DE8}") = "HomeTasks", "HomeTasks", "{92802752-CDA9-4C06-9AA8-4EAA8DBA19F3}"
EndProject
Project("{9A19103F-16F7-4668-BE54-9A1E7A4F7556}") = "N13  - T1", "N13  - T1\N13  - T1.csproj", "{8FA1EB60-B5BE-42AB-B6E3-2A921CA1F80F}"
EndProject
Project("{9A19103F-16F7-4668-BE54-9A1E7A4F7556}") = "N13 - T2", "N13 - T2\N13 - T2.csproj", "{9F5065B5-6341-42C1-B3F2-38CA8942AF9A}"
EndProject
Project("{9A19103F-16F7-4668-BE54-9A1E7A4F7556}") = "N13 - HT1", "N13 - HT1\N13 - HT1.csproj", "{9809DA06-2E9B-4C23-B60D-00AC406EFC7A}"
EndProject
Project("{9A19103F-16F7-4668-BE54-9A1E7A4F7556}") = "N13 - HT2", "N13 - HT2\N13 - HT2.csproj", "{D9667517-CA17-4B06-ACD6-382C1C8C5BA9}"
EndProject
Project("{9A19103F-16F7-4668-BE54-9A1E7A4F7556}") = "N13 - HT3", "N13 - HT3\N13 - HT3.csproj", "{2281CAA9-8BB9-4968-84DC-BA4697405112}"
EndProject
Project("{2150E333-8FDC-42A3-9474-1A3956D46DE8}") = "N14", "N14", "{DEDB2746-DF4C-466E-AB23-BB1C4482D187}"
EndProject
Project("{2150E333-8FDC-42A3-9474-1A3956D46DE8}") = "Tasks", "Tasks", "{2AA5F6D8-406C-4CBB-B1EB-AA4316210158}"
EndProject
Project("{2150E333-8FDC-42A3-9474-1A3956D46DE8}") = "HomeTasks", "HomeTasks", "{F26E5B46-0309-4F48-9EF8-7E71F9FB3804}"
EndProject
Project("{9A19103F-16F7-4668-BE54-9A1E7A4F7556}") = "N14 - HT1", "N14 - HT1\N14 - HT1.csproj", "{57AE7CCB-1F8F-46FB-B60E-F8216ADF0B11}"
EndProject
Project("{9A19103F-16F7-4668-BE54-9A1E7A4F7556}") = "N14 - HT2", "N14 - HT2\N14 - HT2.csproj", "{14A4F8FB-DCD2-4CCD-B514-ACE3125556A9}"
EndProject
Project("{9A19103F-16F7-4668-BE54-9A1E7A4F7556}") = "N14-HT1", "N14-HT1\N14-HT1.csproj", "{DE4C8D79-DA73-45B4-B414-4B27D9177A33}"
EndProject
Project("{9A19103F-16F7-4668-BE54-9A1E7A4F7556}") = "N14-HT2", "N14-HT2\N14-HT2.csproj", "{88AA16FF-DBFD-4C6A-9333-ED2E7FF7CC98}"
EndProject
Project("{9A19103F-16F7-4668-BE54-9A1E7A4F7556}") = "N14-HT2-CL", "N14-HT2-CL\N14-HT2-CL.csproj", "{6D8FDB41-970A-42D4-9893-5D9741C1A7A6}"
EndProject
Project("{2150E333-8FDC-42A3-9474-1A3956D46DE8}") = "N15", "N15", "{7B96A34B-8091-4A69-B963-5606E09143C2}"
EndProject
Project("{2150E333-8FDC-42A3-9474-1A3956D46DE8}") = "Task", "Task", "{2A8F7586-CFFE-4F57-8B03-C4CB89B766AA}"
EndProject
Project("{2150E333-8FDC-42A3-9474-1A3956D46DE8}") = "HomeTasks", "HomeTasks", "{99D5CDDC-A107-4CFC-A36A-9AFB7097FF16}"
EndProject
Project("{2150E333-8FDC-42A3-9474-1A3956D46DE8}") = "Triangle", "Triangle", "{63D25803-6C77-467C-B798-283E570F32FB}"
EndProject
Project("{9A19103F-16F7-4668-BE54-9A1E7A4F7556}") = "Triangle", "Triangle\Triangle.csproj", "{1A752C88-A4A7-4FE8-BB76-7C9772E476E4}"
EndProject
Project("{2150E333-8FDC-42A3-9474-1A3956D46DE8}") = "Tortburchak", "Tortburchak", "{63708E1C-668F-45B9-9B7B-13ADC9E0EC99}"
EndProject
Project("{9A19103F-16F7-4668-BE54-9A1E7A4F7556}") = "Tortburchak", "Tortburchak\Tortburchak.csproj", "{49F3717B-4003-42CD-8924-8A0164F87344}"
EndProject
Project("{9A19103F-16F7-4668-BE54-9A1E7A4F7556}") = "N15 - HT1", "N15 - HT1\N15 - HT1.csproj", "{73E99725-9B2A-401A-8560-0718EE7442CF}"
EndProject
Project("{2150E333-8FDC-42A3-9474-1A3956D46DE8}") = "N16", "N16", "{63576141-CF3F-49E9-966E-480E1BCAC400}"
EndProject
Project("{2150E333-8FDC-42A3-9474-1A3956D46DE8}") = "HomeTasks", "HomeTasks", "{BF95E1C9-FB9D-489D-886A-F19C5A921960}"
EndProject
Project("{2150E333-8FDC-42A3-9474-1A3956D46DE8}") = "N17", "N17", "{84C403A1-42A3-49D7-8F22-F6B903708E65}"
EndProject
Project("{2150E333-8FDC-42A3-9474-1A3956D46DE8}") = "Tasks", "Tasks", "{E7A60B13-73DB-4D7D-8FEB-833032BE2F4F}"
EndProject
Project("{2150E333-8FDC-42A3-9474-1A3956D46DE8}") = "HomeTasks", "HomeTasks", "{863097D3-EA57-457A-AC26-C4F73322E57E}"
EndProject
Project("{9A19103F-16F7-4668-BE54-9A1E7A4F7556}") = "SpaceShip HT", "N16 - HT1\SpaceShip HT.csproj", "{E6D1F02A-E772-463B-B82D-AF0B077954D4}"
EndProject
Project("{9A19103F-16F7-4668-BE54-9A1E7A4F7556}") = "SmartHomeService HT", "N16 - HT2\SmartHomeService HT.csproj", "{C28C9B0D-2698-4138-BF4E-9F4D15DFBC59}"
EndProject
Project("{9A19103F-16F7-4668-BE54-9A1E7A4F7556}") = "N17 - HT1", "N17 - HT1\N17 - HT1.csproj", "{1697D61B-78D8-436C-8B35-EEC12BA8045F}"
EndProject
Project("{2150E333-8FDC-42A3-9474-1A3956D46DE8}") = "N18", "N18", "{92691F22-F37D-470D-978D-6046ED6F47AD}"
EndProject
Project("{2150E333-8FDC-42A3-9474-1A3956D46DE8}") = "Tasks", "Tasks", "{1173DFCB-A27E-484B-A0A6-5CE011313BA6}"
EndProject
Project("{2150E333-8FDC-42A3-9474-1A3956D46DE8}") = "HomeTasks", "HomeTasks", "{36CA03AB-59BC-4EA7-A83A-EB4D9AECA9A1}"
EndProject
Project("{9A19103F-16F7-4668-BE54-9A1E7A4F7556}") = "N18 - T1", "N18 - T1\N18 - T1.csproj", "{F4AC272E-C667-4988-9BC2-7BF61B9E0631}"
EndProject
Project("{9A19103F-16F7-4668-BE54-9A1E7A4F7556}") = "CarRental HT", "N17-HT1\CarRental HT.csproj", "{F8AFDE89-3542-4EAF-B81E-902E5C1D0E8F}"
EndProject
Project("{9A19103F-16F7-4668-BE54-9A1E7A4F7556}") = "ChatMessage HT", "N17 - HT2\ChatMessage HT.csproj", "{D4295A93-6B84-4B1E-850E-7EF8267758A0}"
EndProject
Project("{2150E333-8FDC-42A3-9474-1A3956D46DE8}") = "N19", "N19", "{8F1CA9F5-BDE3-4DA6-8421-F58C5E06F903}"
EndProject
Project("{2150E333-8FDC-42A3-9474-1A3956D46DE8}") = "Tasks", "Tasks", "{A77C058B-5DCC-4D7A-AE3C-05C86FA3EFCE}"
EndProject
Project("{2150E333-8FDC-42A3-9474-1A3956D46DE8}") = "HomeTasks", "HomeTasks", "{B3B2E029-710C-4459-B34D-31FA29D61F00}"
EndProject
Project("{9A19103F-16F7-4668-BE54-9A1E7A4F7556}") = "N19 - T1", "N19 - T1\N19 - T1.csproj", "{431355B0-067E-4EDB-AFBE-C945E08EBAEC}"
EndProject
Project("{9A19103F-16F7-4668-BE54-9A1E7A4F7556}") = "N19 - T2", "N19 - T2\N19 - T2.csproj", "{F23A76E1-AD95-43C8-835B-FCF13C59E8BC}"
EndProject
Project("{9A19103F-16F7-4668-BE54-9A1E7A4F7556}") = "N18 - HT1", "N18 - HT1\N18 - HT1.csproj", "{31088854-3F16-4138-B605-9EA5C1BB8D81}"
EndProject
Project("{2150E333-8FDC-42A3-9474-1A3956D46DE8}") = "N20", "N20", "{7693EC2D-A141-4138-ADB0-3393D2E0354B}"
EndProject
Project("{9A19103F-16F7-4668-BE54-9A1E7A4F7556}") = "ConsoleApp4", "ConsoleApp4\ConsoleApp4.csproj", "{B0E36948-6161-4F25-9C06-156A444905D0}"
EndProject
Project("{2150E333-8FDC-42A3-9474-1A3956D46DE8}") = "N21", "N21", "{3FE7293E-B39C-4E0C-8724-A100EB9715D9}"
EndProject
Project("{9A19103F-16F7-4668-BE54-9A1E7A4F7556}") = "TaskMenager", "TaskMenager\TaskMenager.csproj", "{706534C4-D119-4915-8CAF-F229D953F9CF}"
EndProject
Project("{9A19103F-16F7-4668-BE54-9A1E7A4F7556}") = "OnlineMarket HT", "OnlineMarket HT\OnlineMarket HT.csproj", "{141AEE25-697F-4CC5-B383-C5D070D43434}"
EndProject
Project("{2150E333-8FDC-42A3-9474-1A3956D46DE8}") = "N 22", "N 22", "{8F417B8E-B42C-4245-B45C-A640A5945C37}"
EndProject
Project("{9A19103F-16F7-4668-BE54-9A1E7A4F7556}") = "Lesson Task_1", "Lesson Task_1\Lesson Task_1.csproj", "{BCA08290-DDCA-426D-ABB7-C937E6A22DCA}"
EndProject
Project("{9A19103F-16F7-4668-BE54-9A1E7A4F7556}") = "Lesson Task2", "Lesson Task2\Lesson Task2.csproj", "{11EDF91F-2539-4B68-BEA4-F8B8398A347A}"
EndProject
Project("{9A19103F-16F7-4668-BE54-9A1E7A4F7556}") = "LessonTask 3", "LessonTask 3\LessonTask 3.csproj", "{C8944102-E4DE-4278-80BE-88B062EADBAF}"
EndProject
Project("{9A19103F-16F7-4668-BE54-9A1E7A4F7556}") = "CustomList HT", "CustomList HT\CustomList HT.csproj", "{A2EBD200-CBB2-4E1B-8240-9D6E7E81C42B}"
EndProject
Project("{2150E333-8FDC-42A3-9474-1A3956D46DE8}") = "N23", "N23", "{E8D23192-6E45-47F9-8407-7B77265870BA}"
EndProject
Project("{9A19103F-16F7-4668-BE54-9A1E7A4F7556}") = "Linque LessonTask", "Linque LessonTask\Linque LessonTask.csproj", "{C5562716-6974-4182-84EC-2F5DBE2A3D7C}"
EndProject
Project("{9A19103F-16F7-4668-BE54-9A1E7A4F7556}") = "User LessonTask", "User\User LessonTask.csproj", "{95D949B8-50A6-4551-A9F9-4FB83FD52164}"
EndProject
Project("{9A19103F-16F7-4668-BE54-9A1E7A4F7556}") = "Finding one element in Query", "Finding one element in Query\Finding one element in Query.csproj", "{F3CE1340-5BDC-4401-BE03-FE16ACE0FFCA}"
EndProject
Project("{2150E333-8FDC-42A3-9474-1A3956D46DE8}") = "N22", "N22", "{E91338B7-CB51-4444-866C-25217BFDB65C}"
EndProject
Project("{9A19103F-16F7-4668-BE54-9A1E7A4F7556}") = "Lesson Task", "Lesson Task\Lesson Task.csproj", "{657E054D-15A6-46CF-B147-AEFACDCF2658}"
EndProject
Project("{9A19103F-16F7-4668-BE54-9A1E7A4F7556}") = "Odd_Numbers_HT", "Odd_Numbers_HT\Odd_Numbers_HT.csproj", "{7A77FF71-80E5-4FF3-A0D2-43B06B905F4B}"
EndProject
Project("{9A19103F-16F7-4668-BE54-9A1E7A4F7556}") = "First_Or_Default_HT", "First_Or_Default_HT\First_Or_Default_HT.csproj", "{3A411DE1-7D18-4C9B-BB84-13A770AD9DBD}"
EndProject
Project("{2150E333-8FDC-42A3-9474-1A3956D46DE8}") = "N24", "N24", "{965B8D0E-63B6-45B4-B49F-450DFCB28E24}"
EndProject
Project("{9A19103F-16F7-4668-BE54-9A1E7A4F7556}") = "LessonProject", "LessonProject\LessonProject.csproj", "{C62BFBF0-15CD-499B-80EF-04698B72F7EF}"
EndProject
Project("{9A19103F-16F7-4668-BE54-9A1E7A4F7556}") = "Task_1", "Task_1\Task_1.csproj", "{5130B132-2C37-4CB5-A867-78CC1947FEF1}"
EndProject
Project("{9A19103F-16F7-4668-BE54-9A1E7A4F7556}") = "Task_2", "Task_2\Task_2.csproj", "{59B290ED-F4F0-4EEF-B91B-1B1132709E24}"
EndProject
Project("{9A19103F-16F7-4668-BE54-9A1E7A4F7556}") = "User_HT", "User_HT\User_HT.csproj", "{ADE9DCE3-8642-46B0-8EC1-C57C94E260C7}"
EndProject
Project("{2150E333-8FDC-42A3-9474-1A3956D46DE8}") = "N25", "N25", "{F8D1A930-4A4F-46D1-9206-09823403A16E}"
EndProject
Project("{9A19103F-16F7-4668-BE54-9A1E7A4F7556}") = "LessonTask_1", "LessonTask_1\LessonTask_1.csproj", "{948360D2-6FD0-46A7-AF81-9A99B0102BEC}"
EndProject
Project("{2150E333-8FDC-42A3-9474-1A3956D46DE8}") = "N26", "N26", "{01EB0514-68CC-49EF-A1BB-52C8538DCC2A}"
EndProject
Project("{9A19103F-16F7-4668-BE54-9A1E7A4F7556}") = "Little_Task_manager", "Little_Task_manager\Little_Task_manager.csproj", "{5A26DF70-9CD4-4BC6-A607-5952D82AA0F9}"
EndProject
Project("{9A19103F-16F7-4668-BE54-9A1E7A4F7556}") = "Meeting_T", "Meeting_T\Meeting_T.csproj", "{F7A61C41-1242-4667-8A4A-3FEEA9ABB252}"
EndProject
Project("{9A19103F-16F7-4668-BE54-9A1E7A4F7556}") = "Product_HT", "Product_HT\Product_HT.csproj", "{8B5C81FB-28FC-45F6-9416-FB8E90DE705C}"
EndProject
Project("{FAE04EC0-301F-11D3-BF4B-00C04F79EFBC}") = "OperatorOverloading_HT", "OperatorOverloading_HT\OperatorOverloading_HT.csproj", "{DDE8E651-6574-47A7-895E-3445EA7998C9}"
EndProject
Project("{2150E333-8FDC-42A3-9474-1A3956D46DE8}") = "N28", "N28", "{BBEFBE7A-8EE8-4BDD-89F5-4AA8E6E999CA}"
EndProject
Global
	GlobalSection(SolutionConfigurationPlatforms) = preSolution
		Debug|Any CPU = Debug|Any CPU
		Release|Any CPU = Release|Any CPU
	EndGlobalSection
	GlobalSection(ProjectConfigurationPlatforms) = postSolution
		{7075FAF0-B5B1-436C-A4BB-1C77FD79A235}.Debug|Any CPU.ActiveCfg = Debug|Any CPU
		{7075FAF0-B5B1-436C-A4BB-1C77FD79A235}.Debug|Any CPU.Build.0 = Debug|Any CPU
		{7075FAF0-B5B1-436C-A4BB-1C77FD79A235}.Release|Any CPU.ActiveCfg = Release|Any CPU
		{7075FAF0-B5B1-436C-A4BB-1C77FD79A235}.Release|Any CPU.Build.0 = Release|Any CPU
		{76EE5ED5-40D8-4FE1-866A-070841D25040}.Debug|Any CPU.ActiveCfg = Debug|Any CPU
		{76EE5ED5-40D8-4FE1-866A-070841D25040}.Debug|Any CPU.Build.0 = Debug|Any CPU
		{76EE5ED5-40D8-4FE1-866A-070841D25040}.Release|Any CPU.ActiveCfg = Release|Any CPU
		{76EE5ED5-40D8-4FE1-866A-070841D25040}.Release|Any CPU.Build.0 = Release|Any CPU
		{CEB98810-6814-4F87-8A4A-223E583A13E1}.Debug|Any CPU.ActiveCfg = Debug|Any CPU
		{CEB98810-6814-4F87-8A4A-223E583A13E1}.Debug|Any CPU.Build.0 = Debug|Any CPU
		{CEB98810-6814-4F87-8A4A-223E583A13E1}.Release|Any CPU.ActiveCfg = Release|Any CPU
		{CEB98810-6814-4F87-8A4A-223E583A13E1}.Release|Any CPU.Build.0 = Release|Any CPU
		{877CE780-8354-440E-AA19-49C25D835745}.Debug|Any CPU.ActiveCfg = Debug|Any CPU
		{877CE780-8354-440E-AA19-49C25D835745}.Debug|Any CPU.Build.0 = Debug|Any CPU
		{877CE780-8354-440E-AA19-49C25D835745}.Release|Any CPU.ActiveCfg = Release|Any CPU
		{877CE780-8354-440E-AA19-49C25D835745}.Release|Any CPU.Build.0 = Release|Any CPU
		{19D9C6DC-4B73-4D0B-8CD3-DF1A064AE93A}.Debug|Any CPU.ActiveCfg = Debug|Any CPU
		{19D9C6DC-4B73-4D0B-8CD3-DF1A064AE93A}.Debug|Any CPU.Build.0 = Debug|Any CPU
		{19D9C6DC-4B73-4D0B-8CD3-DF1A064AE93A}.Release|Any CPU.ActiveCfg = Release|Any CPU
		{19D9C6DC-4B73-4D0B-8CD3-DF1A064AE93A}.Release|Any CPU.Build.0 = Release|Any CPU
		{2B977A6A-97AD-4007-B46A-773C2434D7CF}.Debug|Any CPU.ActiveCfg = Debug|Any CPU
		{2B977A6A-97AD-4007-B46A-773C2434D7CF}.Debug|Any CPU.Build.0 = Debug|Any CPU
		{2B977A6A-97AD-4007-B46A-773C2434D7CF}.Release|Any CPU.ActiveCfg = Release|Any CPU
		{2B977A6A-97AD-4007-B46A-773C2434D7CF}.Release|Any CPU.Build.0 = Release|Any CPU
		{90BB8F09-7E78-488F-9671-14F534EAA0D8}.Debug|Any CPU.ActiveCfg = Debug|Any CPU
		{90BB8F09-7E78-488F-9671-14F534EAA0D8}.Debug|Any CPU.Build.0 = Debug|Any CPU
		{90BB8F09-7E78-488F-9671-14F534EAA0D8}.Release|Any CPU.ActiveCfg = Release|Any CPU
		{90BB8F09-7E78-488F-9671-14F534EAA0D8}.Release|Any CPU.Build.0 = Release|Any CPU
		{7861229C-D153-43E6-9E6B-6B29428619C8}.Debug|Any CPU.ActiveCfg = Debug|Any CPU
		{7861229C-D153-43E6-9E6B-6B29428619C8}.Debug|Any CPU.Build.0 = Debug|Any CPU
		{7861229C-D153-43E6-9E6B-6B29428619C8}.Release|Any CPU.ActiveCfg = Release|Any CPU
		{7861229C-D153-43E6-9E6B-6B29428619C8}.Release|Any CPU.Build.0 = Release|Any CPU
		{D11ABCFD-F4C4-459B-841A-366F71FC28C9}.Debug|Any CPU.ActiveCfg = Debug|Any CPU
		{D11ABCFD-F4C4-459B-841A-366F71FC28C9}.Debug|Any CPU.Build.0 = Debug|Any CPU
		{D11ABCFD-F4C4-459B-841A-366F71FC28C9}.Release|Any CPU.ActiveCfg = Release|Any CPU
		{D11ABCFD-F4C4-459B-841A-366F71FC28C9}.Release|Any CPU.Build.0 = Release|Any CPU
		{47FEC370-EE38-4E90-8141-E861A4F5641B}.Debug|Any CPU.ActiveCfg = Debug|Any CPU
		{47FEC370-EE38-4E90-8141-E861A4F5641B}.Debug|Any CPU.Build.0 = Debug|Any CPU
		{47FEC370-EE38-4E90-8141-E861A4F5641B}.Release|Any CPU.ActiveCfg = Release|Any CPU
		{47FEC370-EE38-4E90-8141-E861A4F5641B}.Release|Any CPU.Build.0 = Release|Any CPU
		{82872096-987A-498B-9629-69FC0A14B32A}.Debug|Any CPU.ActiveCfg = Debug|Any CPU
		{82872096-987A-498B-9629-69FC0A14B32A}.Debug|Any CPU.Build.0 = Debug|Any CPU
		{82872096-987A-498B-9629-69FC0A14B32A}.Release|Any CPU.ActiveCfg = Release|Any CPU
		{82872096-987A-498B-9629-69FC0A14B32A}.Release|Any CPU.Build.0 = Release|Any CPU
		{DAC28CA3-11EB-4DAF-B37E-6E4052C31221}.Debug|Any CPU.ActiveCfg = Debug|Any CPU
		{DAC28CA3-11EB-4DAF-B37E-6E4052C31221}.Debug|Any CPU.Build.0 = Debug|Any CPU
		{DAC28CA3-11EB-4DAF-B37E-6E4052C31221}.Release|Any CPU.ActiveCfg = Release|Any CPU
		{DAC28CA3-11EB-4DAF-B37E-6E4052C31221}.Release|Any CPU.Build.0 = Release|Any CPU
		{DAB89013-47DE-491C-A03F-47572FCFC253}.Debug|Any CPU.ActiveCfg = Debug|Any CPU
		{DAB89013-47DE-491C-A03F-47572FCFC253}.Debug|Any CPU.Build.0 = Debug|Any CPU
		{DAB89013-47DE-491C-A03F-47572FCFC253}.Release|Any CPU.ActiveCfg = Release|Any CPU
		{DAB89013-47DE-491C-A03F-47572FCFC253}.Release|Any CPU.Build.0 = Release|Any CPU
		{A6C008A6-0395-42A9-A434-E41B4986A195}.Debug|Any CPU.ActiveCfg = Debug|Any CPU
		{A6C008A6-0395-42A9-A434-E41B4986A195}.Debug|Any CPU.Build.0 = Debug|Any CPU
		{A6C008A6-0395-42A9-A434-E41B4986A195}.Release|Any CPU.ActiveCfg = Release|Any CPU
		{A6C008A6-0395-42A9-A434-E41B4986A195}.Release|Any CPU.Build.0 = Release|Any CPU
		{E49F547D-C1D4-4063-B6BC-D1AD95FB26AE}.Debug|Any CPU.ActiveCfg = Debug|Any CPU
		{E49F547D-C1D4-4063-B6BC-D1AD95FB26AE}.Debug|Any CPU.Build.0 = Debug|Any CPU
		{E49F547D-C1D4-4063-B6BC-D1AD95FB26AE}.Release|Any CPU.ActiveCfg = Release|Any CPU
		{E49F547D-C1D4-4063-B6BC-D1AD95FB26AE}.Release|Any CPU.Build.0 = Release|Any CPU
		{51F40A9D-D582-4E79-81A3-8F69FEFF3E6F}.Debug|Any CPU.ActiveCfg = Debug|Any CPU
		{51F40A9D-D582-4E79-81A3-8F69FEFF3E6F}.Debug|Any CPU.Build.0 = Debug|Any CPU
		{51F40A9D-D582-4E79-81A3-8F69FEFF3E6F}.Release|Any CPU.ActiveCfg = Release|Any CPU
		{51F40A9D-D582-4E79-81A3-8F69FEFF3E6F}.Release|Any CPU.Build.0 = Release|Any CPU
		{0AE9AFB3-FD43-4A9D-80A0-8CE927242965}.Debug|Any CPU.ActiveCfg = Debug|Any CPU
		{0AE9AFB3-FD43-4A9D-80A0-8CE927242965}.Debug|Any CPU.Build.0 = Debug|Any CPU
		{0AE9AFB3-FD43-4A9D-80A0-8CE927242965}.Release|Any CPU.ActiveCfg = Release|Any CPU
		{0AE9AFB3-FD43-4A9D-80A0-8CE927242965}.Release|Any CPU.Build.0 = Release|Any CPU
		{14E830B1-0B21-4AF0-8624-40B1955EF7CB}.Debug|Any CPU.ActiveCfg = Debug|Any CPU
		{14E830B1-0B21-4AF0-8624-40B1955EF7CB}.Debug|Any CPU.Build.0 = Debug|Any CPU
		{14E830B1-0B21-4AF0-8624-40B1955EF7CB}.Release|Any CPU.ActiveCfg = Release|Any CPU
		{14E830B1-0B21-4AF0-8624-40B1955EF7CB}.Release|Any CPU.Build.0 = Release|Any CPU
		{57319AA7-2AA2-4C95-9E90-59E90FE8FB29}.Debug|Any CPU.ActiveCfg = Debug|Any CPU
		{57319AA7-2AA2-4C95-9E90-59E90FE8FB29}.Debug|Any CPU.Build.0 = Debug|Any CPU
		{57319AA7-2AA2-4C95-9E90-59E90FE8FB29}.Release|Any CPU.ActiveCfg = Release|Any CPU
		{57319AA7-2AA2-4C95-9E90-59E90FE8FB29}.Release|Any CPU.Build.0 = Release|Any CPU
		{F9795072-3A24-4C04-94CA-63D94857B49A}.Debug|Any CPU.ActiveCfg = Debug|Any CPU
		{F9795072-3A24-4C04-94CA-63D94857B49A}.Debug|Any CPU.Build.0 = Debug|Any CPU
		{F9795072-3A24-4C04-94CA-63D94857B49A}.Release|Any CPU.ActiveCfg = Release|Any CPU
		{F9795072-3A24-4C04-94CA-63D94857B49A}.Release|Any CPU.Build.0 = Release|Any CPU
		{776273C4-FD05-4EC0-B310-3600962C7405}.Debug|Any CPU.ActiveCfg = Debug|Any CPU
		{776273C4-FD05-4EC0-B310-3600962C7405}.Debug|Any CPU.Build.0 = Debug|Any CPU
		{776273C4-FD05-4EC0-B310-3600962C7405}.Release|Any CPU.ActiveCfg = Release|Any CPU
		{776273C4-FD05-4EC0-B310-3600962C7405}.Release|Any CPU.Build.0 = Release|Any CPU
		{CA257DC5-BCBC-4622-BF00-E39CC98EA204}.Debug|Any CPU.ActiveCfg = Debug|Any CPU
		{CA257DC5-BCBC-4622-BF00-E39CC98EA204}.Debug|Any CPU.Build.0 = Debug|Any CPU
		{CA257DC5-BCBC-4622-BF00-E39CC98EA204}.Release|Any CPU.ActiveCfg = Release|Any CPU
		{CA257DC5-BCBC-4622-BF00-E39CC98EA204}.Release|Any CPU.Build.0 = Release|Any CPU
		{1710DAC8-C7A8-497D-83C1-611578CAB814}.Debug|Any CPU.ActiveCfg = Debug|Any CPU
		{1710DAC8-C7A8-497D-83C1-611578CAB814}.Debug|Any CPU.Build.0 = Debug|Any CPU
		{1710DAC8-C7A8-497D-83C1-611578CAB814}.Release|Any CPU.ActiveCfg = Release|Any CPU
		{1710DAC8-C7A8-497D-83C1-611578CAB814}.Release|Any CPU.Build.0 = Release|Any CPU
		{FA280411-AA4A-4A65-AEB4-5C62317C635F}.Debug|Any CPU.ActiveCfg = Debug|Any CPU
		{FA280411-AA4A-4A65-AEB4-5C62317C635F}.Debug|Any CPU.Build.0 = Debug|Any CPU
		{FA280411-AA4A-4A65-AEB4-5C62317C635F}.Release|Any CPU.ActiveCfg = Release|Any CPU
		{FA280411-AA4A-4A65-AEB4-5C62317C635F}.Release|Any CPU.Build.0 = Release|Any CPU
		{76ED9577-6B4A-4911-A3CF-B17B31755D19}.Debug|Any CPU.ActiveCfg = Debug|Any CPU
		{76ED9577-6B4A-4911-A3CF-B17B31755D19}.Debug|Any CPU.Build.0 = Debug|Any CPU
		{76ED9577-6B4A-4911-A3CF-B17B31755D19}.Release|Any CPU.ActiveCfg = Release|Any CPU
		{76ED9577-6B4A-4911-A3CF-B17B31755D19}.Release|Any CPU.Build.0 = Release|Any CPU
		{17A936A4-F89C-4820-B14D-774D9D9C4A81}.Debug|Any CPU.ActiveCfg = Debug|Any CPU
		{17A936A4-F89C-4820-B14D-774D9D9C4A81}.Debug|Any CPU.Build.0 = Debug|Any CPU
		{17A936A4-F89C-4820-B14D-774D9D9C4A81}.Release|Any CPU.ActiveCfg = Release|Any CPU
		{17A936A4-F89C-4820-B14D-774D9D9C4A81}.Release|Any CPU.Build.0 = Release|Any CPU
		{1831CDDB-295A-44C3-A518-18342E1B2343}.Debug|Any CPU.ActiveCfg = Debug|Any CPU
		{1831CDDB-295A-44C3-A518-18342E1B2343}.Debug|Any CPU.Build.0 = Debug|Any CPU
		{1831CDDB-295A-44C3-A518-18342E1B2343}.Release|Any CPU.ActiveCfg = Release|Any CPU
		{1831CDDB-295A-44C3-A518-18342E1B2343}.Release|Any CPU.Build.0 = Release|Any CPU
		{439509C7-610A-4165-85FC-7D819FF5EE8F}.Debug|Any CPU.ActiveCfg = Debug|Any CPU
		{439509C7-610A-4165-85FC-7D819FF5EE8F}.Debug|Any CPU.Build.0 = Debug|Any CPU
		{439509C7-610A-4165-85FC-7D819FF5EE8F}.Release|Any CPU.ActiveCfg = Release|Any CPU
		{439509C7-610A-4165-85FC-7D819FF5EE8F}.Release|Any CPU.Build.0 = Release|Any CPU
		{C77EE16F-7E01-4304-BD65-D17BD926A821}.Debug|Any CPU.ActiveCfg = Debug|Any CPU
		{C77EE16F-7E01-4304-BD65-D17BD926A821}.Debug|Any CPU.Build.0 = Debug|Any CPU
		{C77EE16F-7E01-4304-BD65-D17BD926A821}.Release|Any CPU.ActiveCfg = Release|Any CPU
		{C77EE16F-7E01-4304-BD65-D17BD926A821}.Release|Any CPU.Build.0 = Release|Any CPU
		{3B558347-3B95-432F-8F16-25A852C1FAC8}.Debug|Any CPU.ActiveCfg = Debug|Any CPU
		{3B558347-3B95-432F-8F16-25A852C1FAC8}.Debug|Any CPU.Build.0 = Debug|Any CPU
		{3B558347-3B95-432F-8F16-25A852C1FAC8}.Release|Any CPU.ActiveCfg = Release|Any CPU
		{3B558347-3B95-432F-8F16-25A852C1FAC8}.Release|Any CPU.Build.0 = Release|Any CPU
		{6673DD5A-C06A-461B-AEC3-F4231CA16613}.Debug|Any CPU.ActiveCfg = Debug|Any CPU
		{6673DD5A-C06A-461B-AEC3-F4231CA16613}.Debug|Any CPU.Build.0 = Debug|Any CPU
		{6673DD5A-C06A-461B-AEC3-F4231CA16613}.Release|Any CPU.ActiveCfg = Release|Any CPU
		{6673DD5A-C06A-461B-AEC3-F4231CA16613}.Release|Any CPU.Build.0 = Release|Any CPU
		{D1D68F2B-1A5B-415B-BC7B-DDD4CD4DFCBB}.Debug|Any CPU.ActiveCfg = Debug|Any CPU
		{D1D68F2B-1A5B-415B-BC7B-DDD4CD4DFCBB}.Debug|Any CPU.Build.0 = Debug|Any CPU
		{D1D68F2B-1A5B-415B-BC7B-DDD4CD4DFCBB}.Release|Any CPU.ActiveCfg = Release|Any CPU
		{D1D68F2B-1A5B-415B-BC7B-DDD4CD4DFCBB}.Release|Any CPU.Build.0 = Release|Any CPU
		{F44C3752-F907-4F62-A5C2-069E36E7639E}.Debug|Any CPU.ActiveCfg = Debug|Any CPU
		{F44C3752-F907-4F62-A5C2-069E36E7639E}.Debug|Any CPU.Build.0 = Debug|Any CPU
		{F44C3752-F907-4F62-A5C2-069E36E7639E}.Release|Any CPU.ActiveCfg = Release|Any CPU
		{F44C3752-F907-4F62-A5C2-069E36E7639E}.Release|Any CPU.Build.0 = Release|Any CPU
		{9633D73F-13D1-471F-90B1-BADD6D2EB5C6}.Debug|Any CPU.ActiveCfg = Debug|Any CPU
		{9633D73F-13D1-471F-90B1-BADD6D2EB5C6}.Debug|Any CPU.Build.0 = Debug|Any CPU
		{9633D73F-13D1-471F-90B1-BADD6D2EB5C6}.Release|Any CPU.ActiveCfg = Release|Any CPU
		{9633D73F-13D1-471F-90B1-BADD6D2EB5C6}.Release|Any CPU.Build.0 = Release|Any CPU
		{640B3520-DC03-423B-9D4D-2E8C3B772066}.Debug|Any CPU.ActiveCfg = Debug|Any CPU
		{640B3520-DC03-423B-9D4D-2E8C3B772066}.Debug|Any CPU.Build.0 = Debug|Any CPU
		{640B3520-DC03-423B-9D4D-2E8C3B772066}.Release|Any CPU.ActiveCfg = Release|Any CPU
		{640B3520-DC03-423B-9D4D-2E8C3B772066}.Release|Any CPU.Build.0 = Release|Any CPU
		{133723E4-A49C-4FCB-9714-AEAA7236781A}.Debug|Any CPU.ActiveCfg = Debug|Any CPU
		{133723E4-A49C-4FCB-9714-AEAA7236781A}.Debug|Any CPU.Build.0 = Debug|Any CPU
		{133723E4-A49C-4FCB-9714-AEAA7236781A}.Release|Any CPU.ActiveCfg = Release|Any CPU
		{133723E4-A49C-4FCB-9714-AEAA7236781A}.Release|Any CPU.Build.0 = Release|Any CPU
		{D29A2095-ED72-4A22-9FB5-3C39C6689643}.Debug|Any CPU.ActiveCfg = Debug|Any CPU
		{D29A2095-ED72-4A22-9FB5-3C39C6689643}.Debug|Any CPU.Build.0 = Debug|Any CPU
		{D29A2095-ED72-4A22-9FB5-3C39C6689643}.Release|Any CPU.ActiveCfg = Release|Any CPU
		{D29A2095-ED72-4A22-9FB5-3C39C6689643}.Release|Any CPU.Build.0 = Release|Any CPU
		{8FA1EB60-B5BE-42AB-B6E3-2A921CA1F80F}.Debug|Any CPU.ActiveCfg = Debug|Any CPU
		{8FA1EB60-B5BE-42AB-B6E3-2A921CA1F80F}.Debug|Any CPU.Build.0 = Debug|Any CPU
		{8FA1EB60-B5BE-42AB-B6E3-2A921CA1F80F}.Release|Any CPU.ActiveCfg = Release|Any CPU
		{8FA1EB60-B5BE-42AB-B6E3-2A921CA1F80F}.Release|Any CPU.Build.0 = Release|Any CPU
		{9F5065B5-6341-42C1-B3F2-38CA8942AF9A}.Debug|Any CPU.ActiveCfg = Debug|Any CPU
		{9F5065B5-6341-42C1-B3F2-38CA8942AF9A}.Debug|Any CPU.Build.0 = Debug|Any CPU
		{9F5065B5-6341-42C1-B3F2-38CA8942AF9A}.Release|Any CPU.ActiveCfg = Release|Any CPU
		{9F5065B5-6341-42C1-B3F2-38CA8942AF9A}.Release|Any CPU.Build.0 = Release|Any CPU
		{9809DA06-2E9B-4C23-B60D-00AC406EFC7A}.Debug|Any CPU.ActiveCfg = Debug|Any CPU
		{9809DA06-2E9B-4C23-B60D-00AC406EFC7A}.Debug|Any CPU.Build.0 = Debug|Any CPU
		{9809DA06-2E9B-4C23-B60D-00AC406EFC7A}.Release|Any CPU.ActiveCfg = Release|Any CPU
		{9809DA06-2E9B-4C23-B60D-00AC406EFC7A}.Release|Any CPU.Build.0 = Release|Any CPU
		{D9667517-CA17-4B06-ACD6-382C1C8C5BA9}.Debug|Any CPU.ActiveCfg = Debug|Any CPU
		{D9667517-CA17-4B06-ACD6-382C1C8C5BA9}.Debug|Any CPU.Build.0 = Debug|Any CPU
		{D9667517-CA17-4B06-ACD6-382C1C8C5BA9}.Release|Any CPU.ActiveCfg = Release|Any CPU
		{D9667517-CA17-4B06-ACD6-382C1C8C5BA9}.Release|Any CPU.Build.0 = Release|Any CPU
		{2281CAA9-8BB9-4968-84DC-BA4697405112}.Debug|Any CPU.ActiveCfg = Debug|Any CPU
		{2281CAA9-8BB9-4968-84DC-BA4697405112}.Debug|Any CPU.Build.0 = Debug|Any CPU
		{2281CAA9-8BB9-4968-84DC-BA4697405112}.Release|Any CPU.ActiveCfg = Release|Any CPU
		{2281CAA9-8BB9-4968-84DC-BA4697405112}.Release|Any CPU.Build.0 = Release|Any CPU
		{57AE7CCB-1F8F-46FB-B60E-F8216ADF0B11}.Debug|Any CPU.ActiveCfg = Debug|Any CPU
		{57AE7CCB-1F8F-46FB-B60E-F8216ADF0B11}.Debug|Any CPU.Build.0 = Debug|Any CPU
		{57AE7CCB-1F8F-46FB-B60E-F8216ADF0B11}.Release|Any CPU.ActiveCfg = Release|Any CPU
		{57AE7CCB-1F8F-46FB-B60E-F8216ADF0B11}.Release|Any CPU.Build.0 = Release|Any CPU
		{14A4F8FB-DCD2-4CCD-B514-ACE3125556A9}.Debug|Any CPU.ActiveCfg = Debug|Any CPU
		{14A4F8FB-DCD2-4CCD-B514-ACE3125556A9}.Debug|Any CPU.Build.0 = Debug|Any CPU
		{14A4F8FB-DCD2-4CCD-B514-ACE3125556A9}.Release|Any CPU.ActiveCfg = Release|Any CPU
		{14A4F8FB-DCD2-4CCD-B514-ACE3125556A9}.Release|Any CPU.Build.0 = Release|Any CPU
		{DE4C8D79-DA73-45B4-B414-4B27D9177A33}.Debug|Any CPU.ActiveCfg = Debug|Any CPU
		{DE4C8D79-DA73-45B4-B414-4B27D9177A33}.Debug|Any CPU.Build.0 = Debug|Any CPU
		{DE4C8D79-DA73-45B4-B414-4B27D9177A33}.Release|Any CPU.ActiveCfg = Release|Any CPU
		{DE4C8D79-DA73-45B4-B414-4B27D9177A33}.Release|Any CPU.Build.0 = Release|Any CPU
		{88AA16FF-DBFD-4C6A-9333-ED2E7FF7CC98}.Debug|Any CPU.ActiveCfg = Debug|Any CPU
		{88AA16FF-DBFD-4C6A-9333-ED2E7FF7CC98}.Debug|Any CPU.Build.0 = Debug|Any CPU
		{88AA16FF-DBFD-4C6A-9333-ED2E7FF7CC98}.Release|Any CPU.ActiveCfg = Release|Any CPU
		{88AA16FF-DBFD-4C6A-9333-ED2E7FF7CC98}.Release|Any CPU.Build.0 = Release|Any CPU
		{6D8FDB41-970A-42D4-9893-5D9741C1A7A6}.Debug|Any CPU.ActiveCfg = Debug|Any CPU
		{6D8FDB41-970A-42D4-9893-5D9741C1A7A6}.Debug|Any CPU.Build.0 = Debug|Any CPU
		{6D8FDB41-970A-42D4-9893-5D9741C1A7A6}.Release|Any CPU.ActiveCfg = Release|Any CPU
		{6D8FDB41-970A-42D4-9893-5D9741C1A7A6}.Release|Any CPU.Build.0 = Release|Any CPU
		{1A752C88-A4A7-4FE8-BB76-7C9772E476E4}.Debug|Any CPU.ActiveCfg = Debug|Any CPU
		{1A752C88-A4A7-4FE8-BB76-7C9772E476E4}.Debug|Any CPU.Build.0 = Debug|Any CPU
		{1A752C88-A4A7-4FE8-BB76-7C9772E476E4}.Release|Any CPU.ActiveCfg = Release|Any CPU
		{1A752C88-A4A7-4FE8-BB76-7C9772E476E4}.Release|Any CPU.Build.0 = Release|Any CPU
		{49F3717B-4003-42CD-8924-8A0164F87344}.Debug|Any CPU.ActiveCfg = Debug|Any CPU
		{49F3717B-4003-42CD-8924-8A0164F87344}.Debug|Any CPU.Build.0 = Debug|Any CPU
		{49F3717B-4003-42CD-8924-8A0164F87344}.Release|Any CPU.ActiveCfg = Release|Any CPU
		{49F3717B-4003-42CD-8924-8A0164F87344}.Release|Any CPU.Build.0 = Release|Any CPU
		{73E99725-9B2A-401A-8560-0718EE7442CF}.Debug|Any CPU.ActiveCfg = Debug|Any CPU
		{73E99725-9B2A-401A-8560-0718EE7442CF}.Debug|Any CPU.Build.0 = Debug|Any CPU
		{73E99725-9B2A-401A-8560-0718EE7442CF}.Release|Any CPU.ActiveCfg = Release|Any CPU
		{73E99725-9B2A-401A-8560-0718EE7442CF}.Release|Any CPU.Build.0 = Release|Any CPU
		{E6D1F02A-E772-463B-B82D-AF0B077954D4}.Debug|Any CPU.ActiveCfg = Debug|Any CPU
		{E6D1F02A-E772-463B-B82D-AF0B077954D4}.Debug|Any CPU.Build.0 = Debug|Any CPU
		{E6D1F02A-E772-463B-B82D-AF0B077954D4}.Release|Any CPU.ActiveCfg = Release|Any CPU
		{E6D1F02A-E772-463B-B82D-AF0B077954D4}.Release|Any CPU.Build.0 = Release|Any CPU
		{C28C9B0D-2698-4138-BF4E-9F4D15DFBC59}.Debug|Any CPU.ActiveCfg = Debug|Any CPU
		{C28C9B0D-2698-4138-BF4E-9F4D15DFBC59}.Debug|Any CPU.Build.0 = Debug|Any CPU
		{C28C9B0D-2698-4138-BF4E-9F4D15DFBC59}.Release|Any CPU.ActiveCfg = Release|Any CPU
		{C28C9B0D-2698-4138-BF4E-9F4D15DFBC59}.Release|Any CPU.Build.0 = Release|Any CPU
		{1697D61B-78D8-436C-8B35-EEC12BA8045F}.Debug|Any CPU.ActiveCfg = Debug|Any CPU
		{1697D61B-78D8-436C-8B35-EEC12BA8045F}.Debug|Any CPU.Build.0 = Debug|Any CPU
		{1697D61B-78D8-436C-8B35-EEC12BA8045F}.Release|Any CPU.ActiveCfg = Release|Any CPU
		{1697D61B-78D8-436C-8B35-EEC12BA8045F}.Release|Any CPU.Build.0 = Release|Any CPU
		{F4AC272E-C667-4988-9BC2-7BF61B9E0631}.Debug|Any CPU.ActiveCfg = Debug|Any CPU
		{F4AC272E-C667-4988-9BC2-7BF61B9E0631}.Debug|Any CPU.Build.0 = Debug|Any CPU
		{F4AC272E-C667-4988-9BC2-7BF61B9E0631}.Release|Any CPU.ActiveCfg = Release|Any CPU
		{F4AC272E-C667-4988-9BC2-7BF61B9E0631}.Release|Any CPU.Build.0 = Release|Any CPU
		{F8AFDE89-3542-4EAF-B81E-902E5C1D0E8F}.Debug|Any CPU.ActiveCfg = Debug|Any CPU
		{F8AFDE89-3542-4EAF-B81E-902E5C1D0E8F}.Debug|Any CPU.Build.0 = Debug|Any CPU
		{F8AFDE89-3542-4EAF-B81E-902E5C1D0E8F}.Release|Any CPU.ActiveCfg = Release|Any CPU
		{F8AFDE89-3542-4EAF-B81E-902E5C1D0E8F}.Release|Any CPU.Build.0 = Release|Any CPU
		{D4295A93-6B84-4B1E-850E-7EF8267758A0}.Debug|Any CPU.ActiveCfg = Debug|Any CPU
		{D4295A93-6B84-4B1E-850E-7EF8267758A0}.Debug|Any CPU.Build.0 = Debug|Any CPU
		{D4295A93-6B84-4B1E-850E-7EF8267758A0}.Release|Any CPU.ActiveCfg = Release|Any CPU
		{D4295A93-6B84-4B1E-850E-7EF8267758A0}.Release|Any CPU.Build.0 = Release|Any CPU
		{431355B0-067E-4EDB-AFBE-C945E08EBAEC}.Debug|Any CPU.ActiveCfg = Debug|Any CPU
		{431355B0-067E-4EDB-AFBE-C945E08EBAEC}.Debug|Any CPU.Build.0 = Debug|Any CPU
		{431355B0-067E-4EDB-AFBE-C945E08EBAEC}.Release|Any CPU.ActiveCfg = Release|Any CPU
		{431355B0-067E-4EDB-AFBE-C945E08EBAEC}.Release|Any CPU.Build.0 = Release|Any CPU
		{F23A76E1-AD95-43C8-835B-FCF13C59E8BC}.Debug|Any CPU.ActiveCfg = Debug|Any CPU
		{F23A76E1-AD95-43C8-835B-FCF13C59E8BC}.Debug|Any CPU.Build.0 = Debug|Any CPU
		{F23A76E1-AD95-43C8-835B-FCF13C59E8BC}.Release|Any CPU.ActiveCfg = Release|Any CPU
		{F23A76E1-AD95-43C8-835B-FCF13C59E8BC}.Release|Any CPU.Build.0 = Release|Any CPU
		{31088854-3F16-4138-B605-9EA5C1BB8D81}.Debug|Any CPU.ActiveCfg = Debug|Any CPU
		{31088854-3F16-4138-B605-9EA5C1BB8D81}.Debug|Any CPU.Build.0 = Debug|Any CPU
		{31088854-3F16-4138-B605-9EA5C1BB8D81}.Release|Any CPU.ActiveCfg = Release|Any CPU
		{31088854-3F16-4138-B605-9EA5C1BB8D81}.Release|Any CPU.Build.0 = Release|Any CPU
		{B0E36948-6161-4F25-9C06-156A444905D0}.Debug|Any CPU.ActiveCfg = Debug|Any CPU
		{B0E36948-6161-4F25-9C06-156A444905D0}.Debug|Any CPU.Build.0 = Debug|Any CPU
		{B0E36948-6161-4F25-9C06-156A444905D0}.Release|Any CPU.ActiveCfg = Release|Any CPU
		{B0E36948-6161-4F25-9C06-156A444905D0}.Release|Any CPU.Build.0 = Release|Any CPU
		{706534C4-D119-4915-8CAF-F229D953F9CF}.Debug|Any CPU.ActiveCfg = Debug|Any CPU
		{706534C4-D119-4915-8CAF-F229D953F9CF}.Debug|Any CPU.Build.0 = Debug|Any CPU
		{706534C4-D119-4915-8CAF-F229D953F9CF}.Release|Any CPU.ActiveCfg = Release|Any CPU
		{706534C4-D119-4915-8CAF-F229D953F9CF}.Release|Any CPU.Build.0 = Release|Any CPU
		{141AEE25-697F-4CC5-B383-C5D070D43434}.Debug|Any CPU.ActiveCfg = Debug|Any CPU
		{141AEE25-697F-4CC5-B383-C5D070D43434}.Debug|Any CPU.Build.0 = Debug|Any CPU
		{141AEE25-697F-4CC5-B383-C5D070D43434}.Release|Any CPU.ActiveCfg = Release|Any CPU
		{141AEE25-697F-4CC5-B383-C5D070D43434}.Release|Any CPU.Build.0 = Release|Any CPU
		{BCA08290-DDCA-426D-ABB7-C937E6A22DCA}.Debug|Any CPU.ActiveCfg = Debug|Any CPU
		{BCA08290-DDCA-426D-ABB7-C937E6A22DCA}.Debug|Any CPU.Build.0 = Debug|Any CPU
		{BCA08290-DDCA-426D-ABB7-C937E6A22DCA}.Release|Any CPU.ActiveCfg = Release|Any CPU
		{BCA08290-DDCA-426D-ABB7-C937E6A22DCA}.Release|Any CPU.Build.0 = Release|Any CPU
		{11EDF91F-2539-4B68-BEA4-F8B8398A347A}.Debug|Any CPU.ActiveCfg = Debug|Any CPU
		{11EDF91F-2539-4B68-BEA4-F8B8398A347A}.Debug|Any CPU.Build.0 = Debug|Any CPU
		{11EDF91F-2539-4B68-BEA4-F8B8398A347A}.Release|Any CPU.ActiveCfg = Release|Any CPU
		{11EDF91F-2539-4B68-BEA4-F8B8398A347A}.Release|Any CPU.Build.0 = Release|Any CPU
		{C8944102-E4DE-4278-80BE-88B062EADBAF}.Debug|Any CPU.ActiveCfg = Debug|Any CPU
		{C8944102-E4DE-4278-80BE-88B062EADBAF}.Debug|Any CPU.Build.0 = Debug|Any CPU
		{C8944102-E4DE-4278-80BE-88B062EADBAF}.Release|Any CPU.ActiveCfg = Release|Any CPU
		{C8944102-E4DE-4278-80BE-88B062EADBAF}.Release|Any CPU.Build.0 = Release|Any CPU
		{A2EBD200-CBB2-4E1B-8240-9D6E7E81C42B}.Debug|Any CPU.ActiveCfg = Debug|Any CPU
		{A2EBD200-CBB2-4E1B-8240-9D6E7E81C42B}.Debug|Any CPU.Build.0 = Debug|Any CPU
		{A2EBD200-CBB2-4E1B-8240-9D6E7E81C42B}.Release|Any CPU.ActiveCfg = Release|Any CPU
		{A2EBD200-CBB2-4E1B-8240-9D6E7E81C42B}.Release|Any CPU.Build.0 = Release|Any CPU
		{C5562716-6974-4182-84EC-2F5DBE2A3D7C}.Debug|Any CPU.ActiveCfg = Debug|Any CPU
		{C5562716-6974-4182-84EC-2F5DBE2A3D7C}.Debug|Any CPU.Build.0 = Debug|Any CPU
		{C5562716-6974-4182-84EC-2F5DBE2A3D7C}.Release|Any CPU.ActiveCfg = Release|Any CPU
		{C5562716-6974-4182-84EC-2F5DBE2A3D7C}.Release|Any CPU.Build.0 = Release|Any CPU
		{95D949B8-50A6-4551-A9F9-4FB83FD52164}.Debug|Any CPU.ActiveCfg = Debug|Any CPU
		{95D949B8-50A6-4551-A9F9-4FB83FD52164}.Debug|Any CPU.Build.0 = Debug|Any CPU
		{95D949B8-50A6-4551-A9F9-4FB83FD52164}.Release|Any CPU.ActiveCfg = Release|Any CPU
		{95D949B8-50A6-4551-A9F9-4FB83FD52164}.Release|Any CPU.Build.0 = Release|Any CPU
		{F3CE1340-5BDC-4401-BE03-FE16ACE0FFCA}.Debug|Any CPU.ActiveCfg = Debug|Any CPU
		{F3CE1340-5BDC-4401-BE03-FE16ACE0FFCA}.Debug|Any CPU.Build.0 = Debug|Any CPU
		{F3CE1340-5BDC-4401-BE03-FE16ACE0FFCA}.Release|Any CPU.ActiveCfg = Release|Any CPU
		{F3CE1340-5BDC-4401-BE03-FE16ACE0FFCA}.Release|Any CPU.Build.0 = Release|Any CPU
		{657E054D-15A6-46CF-B147-AEFACDCF2658}.Debug|Any CPU.ActiveCfg = Debug|Any CPU
		{657E054D-15A6-46CF-B147-AEFACDCF2658}.Debug|Any CPU.Build.0 = Debug|Any CPU
		{657E054D-15A6-46CF-B147-AEFACDCF2658}.Release|Any CPU.ActiveCfg = Release|Any CPU
		{657E054D-15A6-46CF-B147-AEFACDCF2658}.Release|Any CPU.Build.0 = Release|Any CPU
		{7A77FF71-80E5-4FF3-A0D2-43B06B905F4B}.Debug|Any CPU.ActiveCfg = Debug|Any CPU
		{7A77FF71-80E5-4FF3-A0D2-43B06B905F4B}.Debug|Any CPU.Build.0 = Debug|Any CPU
		{7A77FF71-80E5-4FF3-A0D2-43B06B905F4B}.Release|Any CPU.ActiveCfg = Release|Any CPU
		{7A77FF71-80E5-4FF3-A0D2-43B06B905F4B}.Release|Any CPU.Build.0 = Release|Any CPU
		{3A411DE1-7D18-4C9B-BB84-13A770AD9DBD}.Debug|Any CPU.ActiveCfg = Debug|Any CPU
		{3A411DE1-7D18-4C9B-BB84-13A770AD9DBD}.Debug|Any CPU.Build.0 = Debug|Any CPU
		{3A411DE1-7D18-4C9B-BB84-13A770AD9DBD}.Release|Any CPU.ActiveCfg = Release|Any CPU
		{3A411DE1-7D18-4C9B-BB84-13A770AD9DBD}.Release|Any CPU.Build.0 = Release|Any CPU
		{C62BFBF0-15CD-499B-80EF-04698B72F7EF}.Debug|Any CPU.ActiveCfg = Debug|Any CPU
		{C62BFBF0-15CD-499B-80EF-04698B72F7EF}.Debug|Any CPU.Build.0 = Debug|Any CPU
		{C62BFBF0-15CD-499B-80EF-04698B72F7EF}.Release|Any CPU.ActiveCfg = Release|Any CPU
		{C62BFBF0-15CD-499B-80EF-04698B72F7EF}.Release|Any CPU.Build.0 = Release|Any CPU
		{5130B132-2C37-4CB5-A867-78CC1947FEF1}.Debug|Any CPU.ActiveCfg = Debug|Any CPU
		{5130B132-2C37-4CB5-A867-78CC1947FEF1}.Debug|Any CPU.Build.0 = Debug|Any CPU
		{5130B132-2C37-4CB5-A867-78CC1947FEF1}.Release|Any CPU.ActiveCfg = Release|Any CPU
		{5130B132-2C37-4CB5-A867-78CC1947FEF1}.Release|Any CPU.Build.0 = Release|Any CPU
		{59B290ED-F4F0-4EEF-B91B-1B1132709E24}.Debug|Any CPU.ActiveCfg = Debug|Any CPU
		{59B290ED-F4F0-4EEF-B91B-1B1132709E24}.Debug|Any CPU.Build.0 = Debug|Any CPU
		{59B290ED-F4F0-4EEF-B91B-1B1132709E24}.Release|Any CPU.ActiveCfg = Release|Any CPU
		{59B290ED-F4F0-4EEF-B91B-1B1132709E24}.Release|Any CPU.Build.0 = Release|Any CPU
		{ADE9DCE3-8642-46B0-8EC1-C57C94E260C7}.Debug|Any CPU.ActiveCfg = Debug|Any CPU
		{ADE9DCE3-8642-46B0-8EC1-C57C94E260C7}.Debug|Any CPU.Build.0 = Debug|Any CPU
		{ADE9DCE3-8642-46B0-8EC1-C57C94E260C7}.Release|Any CPU.ActiveCfg = Release|Any CPU
		{ADE9DCE3-8642-46B0-8EC1-C57C94E260C7}.Release|Any CPU.Build.0 = Release|Any CPU
		{948360D2-6FD0-46A7-AF81-9A99B0102BEC}.Debug|Any CPU.ActiveCfg = Debug|Any CPU
		{948360D2-6FD0-46A7-AF81-9A99B0102BEC}.Debug|Any CPU.Build.0 = Debug|Any CPU
		{948360D2-6FD0-46A7-AF81-9A99B0102BEC}.Release|Any CPU.ActiveCfg = Release|Any CPU
		{948360D2-6FD0-46A7-AF81-9A99B0102BEC}.Release|Any CPU.Build.0 = Release|Any CPU
		{5A26DF70-9CD4-4BC6-A607-5952D82AA0F9}.Debug|Any CPU.ActiveCfg = Debug|Any CPU
		{5A26DF70-9CD4-4BC6-A607-5952D82AA0F9}.Debug|Any CPU.Build.0 = Debug|Any CPU
		{5A26DF70-9CD4-4BC6-A607-5952D82AA0F9}.Release|Any CPU.ActiveCfg = Release|Any CPU
		{5A26DF70-9CD4-4BC6-A607-5952D82AA0F9}.Release|Any CPU.Build.0 = Release|Any CPU
		{F7A61C41-1242-4667-8A4A-3FEEA9ABB252}.Debug|Any CPU.ActiveCfg = Debug|Any CPU
		{F7A61C41-1242-4667-8A4A-3FEEA9ABB252}.Debug|Any CPU.Build.0 = Debug|Any CPU
		{F7A61C41-1242-4667-8A4A-3FEEA9ABB252}.Release|Any CPU.ActiveCfg = Release|Any CPU
		{F7A61C41-1242-4667-8A4A-3FEEA9ABB252}.Release|Any CPU.Build.0 = Release|Any CPU
		{8B5C81FB-28FC-45F6-9416-FB8E90DE705C}.Debug|Any CPU.ActiveCfg = Debug|Any CPU
		{8B5C81FB-28FC-45F6-9416-FB8E90DE705C}.Debug|Any CPU.Build.0 = Debug|Any CPU
		{8B5C81FB-28FC-45F6-9416-FB8E90DE705C}.Release|Any CPU.ActiveCfg = Release|Any CPU
		{8B5C81FB-28FC-45F6-9416-FB8E90DE705C}.Release|Any CPU.Build.0 = Release|Any CPU
		{DDE8E651-6574-47A7-895E-3445EA7998C9}.Debug|Any CPU.ActiveCfg = Debug|Any CPU
		{DDE8E651-6574-47A7-895E-3445EA7998C9}.Debug|Any CPU.Build.0 = Debug|Any CPU
		{DDE8E651-6574-47A7-895E-3445EA7998C9}.Release|Any CPU.ActiveCfg = Release|Any CPU
		{DDE8E651-6574-47A7-895E-3445EA7998C9}.Release|Any CPU.Build.0 = Release|Any CPU
	EndGlobalSection
	GlobalSection(SolutionProperties) = preSolution
		HideSolutionNode = FALSE
	EndGlobalSection
	GlobalSection(NestedProjects) = preSolution
		{7075FAF0-B5B1-436C-A4BB-1C77FD79A235} = {0AA44B92-19CC-4937-80D3-ED0186705ABE}
		{76EE5ED5-40D8-4FE1-866A-070841D25040} = {0AA44B92-19CC-4937-80D3-ED0186705ABE}
		{CEB98810-6814-4F87-8A4A-223E583A13E1} = {5A26FEDB-E7FF-4C71-AE12-97BE24B2A803}
		{877CE780-8354-440E-AA19-49C25D835745} = {92F8D92D-4E2D-4661-963F-83A51455FC7F}
		{19D9C6DC-4B73-4D0B-8CD3-DF1A064AE93A} = {92F8D92D-4E2D-4661-963F-83A51455FC7F}
		{2B977A6A-97AD-4007-B46A-773C2434D7CF} = {9E5D59E5-4EF2-41F6-ADC7-4C90E73B30B3}
		{90BB8F09-7E78-488F-9671-14F534EAA0D8} = {9E5D59E5-4EF2-41F6-ADC7-4C90E73B30B3}
		{7861229C-D153-43E6-9E6B-6B29428619C8} = {67DA7351-D0CB-424A-BBC1-1D8E2503A56B}
		{D3A4C860-F5E5-43CD-B95C-FF1CA5B1B61F} = {59F60DED-9C82-447B-98E1-1C5B73395E2D}
		{03E7E7CB-C3BA-451E-BC5A-A148EE46C3A9} = {59F60DED-9C82-447B-98E1-1C5B73395E2D}
		{D11ABCFD-F4C4-459B-841A-366F71FC28C9} = {D3A4C860-F5E5-43CD-B95C-FF1CA5B1B61F}
		{47FEC370-EE38-4E90-8141-E861A4F5641B} = {D3A4C860-F5E5-43CD-B95C-FF1CA5B1B61F}
		{82872096-987A-498B-9629-69FC0A14B32A} = {D3A4C860-F5E5-43CD-B95C-FF1CA5B1B61F}
		{DAC28CA3-11EB-4DAF-B37E-6E4052C31221} = {03E7E7CB-C3BA-451E-BC5A-A148EE46C3A9}
		{DAB89013-47DE-491C-A03F-47572FCFC253} = {03E7E7CB-C3BA-451E-BC5A-A148EE46C3A9}
		{C303C6CC-302E-4EC4-82C2-E1EFCC80BE22} = {D1876037-830E-40F5-B851-8E11C8FCEE88}
		{67BA6913-54DE-4914-982D-D7292E675752} = {D1876037-830E-40F5-B851-8E11C8FCEE88}
		{A6C008A6-0395-42A9-A434-E41B4986A195} = {67BA6913-54DE-4914-982D-D7292E675752}
		{E49F547D-C1D4-4063-B6BC-D1AD95FB26AE} = {C303C6CC-302E-4EC4-82C2-E1EFCC80BE22}
		{DDBF8840-5396-4FD5-8624-0CAFD5C72E28} = {14472FCB-066C-4E01-91B9-AD7B3387F4FF}
		{0AA5D67C-1FA5-4007-9D19-3E445E0FE60F} = {14472FCB-066C-4E01-91B9-AD7B3387F4FF}
		{51F40A9D-D582-4E79-81A3-8F69FEFF3E6F} = {0AA5D67C-1FA5-4007-9D19-3E445E0FE60F}
		{0AE9AFB3-FD43-4A9D-80A0-8CE927242965} = {DDBF8840-5396-4FD5-8624-0CAFD5C72E28}
		{14E830B1-0B21-4AF0-8624-40B1955EF7CB} = {DDBF8840-5396-4FD5-8624-0CAFD5C72E28}
		{57319AA7-2AA2-4C95-9E90-59E90FE8FB29} = {0AA5D67C-1FA5-4007-9D19-3E445E0FE60F}
		{F9795072-3A24-4C04-94CA-63D94857B49A} = {2ED83971-A7BB-4C91-B621-A6C8D35C696E}
		{776273C4-FD05-4EC0-B310-3600962C7405} = {2ED83971-A7BB-4C91-B621-A6C8D35C696E}
		{C19F5ED0-843E-499B-99B1-33305A6DB088} = {B425CC8D-D763-4B40-835F-E215B2EEE4E6}
		{8378CBB1-3809-464F-AC2E-9B992857937A} = {B425CC8D-D763-4B40-835F-E215B2EEE4E6}
		{CA257DC5-BCBC-4622-BF00-E39CC98EA204} = {C19F5ED0-843E-499B-99B1-33305A6DB088}
		{1710DAC8-C7A8-497D-83C1-611578CAB814} = {C19F5ED0-843E-499B-99B1-33305A6DB088}
		{FA280411-AA4A-4A65-AEB4-5C62317C635F} = {C19F5ED0-843E-499B-99B1-33305A6DB088}
		{76ED9577-6B4A-4911-A3CF-B17B31755D19} = {8378CBB1-3809-464F-AC2E-9B992857937A}
		{5CD54DA0-736D-4D9B-A719-D3E49A3207FB} = {A280CDD4-6540-4EF4-BA56-F76A9402C564}
		{4CEECB75-57E5-44B6-B675-DF9E3694B251} = {A280CDD4-6540-4EF4-BA56-F76A9402C564}
		{17A936A4-F89C-4820-B14D-774D9D9C4A81} = {5CD54DA0-736D-4D9B-A719-D3E49A3207FB}
		{1831CDDB-295A-44C3-A518-18342E1B2343} = {8378CBB1-3809-464F-AC2E-9B992857937A}
		{439509C7-610A-4165-85FC-7D819FF5EE8F} = {4CEECB75-57E5-44B6-B675-DF9E3694B251}
		{C77EE16F-7E01-4304-BD65-D17BD926A821} = {4CEECB75-57E5-44B6-B675-DF9E3694B251}
		{E73021AE-B0D7-439A-98E6-CE3E5A1F81F4} = {88104FFE-A9A6-4FC2-A7A7-A3BA28A2FAA1}
		{B842076A-8662-4013-906D-E7381DE10D2A} = {88104FFE-A9A6-4FC2-A7A7-A3BA28A2FAA1}
		{3B558347-3B95-432F-8F16-25A852C1FAC8} = {E73021AE-B0D7-439A-98E6-CE3E5A1F81F4}
		{6673DD5A-C06A-461B-AEC3-F4231CA16613} = {E73021AE-B0D7-439A-98E6-CE3E5A1F81F4}
		{D1D68F2B-1A5B-415B-BC7B-DDD4CD4DFCBB} = {E73021AE-B0D7-439A-98E6-CE3E5A1F81F4}
		{F44C3752-F907-4F62-A5C2-069E36E7639E} = {E73021AE-B0D7-439A-98E6-CE3E5A1F81F4}
		{9633D73F-13D1-471F-90B1-BADD6D2EB5C6} = {E73021AE-B0D7-439A-98E6-CE3E5A1F81F4}
		{640B3520-DC03-423B-9D4D-2E8C3B772066} = {E73021AE-B0D7-439A-98E6-CE3E5A1F81F4}
		{133723E4-A49C-4FCB-9714-AEAA7236781A} = {B842076A-8662-4013-906D-E7381DE10D2A}
		{D29A2095-ED72-4A22-9FB5-3C39C6689643} = {B842076A-8662-4013-906D-E7381DE10D2A}
		{D9C2213D-FFB2-4A37-9DE8-0AD421882FCA} = {D1574679-C17A-40E1-91CC-839A9980B0C2}
		{92802752-CDA9-4C06-9AA8-4EAA8DBA19F3} = {D1574679-C17A-40E1-91CC-839A9980B0C2}
		{8FA1EB60-B5BE-42AB-B6E3-2A921CA1F80F} = {D9C2213D-FFB2-4A37-9DE8-0AD421882FCA}
		{9F5065B5-6341-42C1-B3F2-38CA8942AF9A} = {D9C2213D-FFB2-4A37-9DE8-0AD421882FCA}
		{9809DA06-2E9B-4C23-B60D-00AC406EFC7A} = {92802752-CDA9-4C06-9AA8-4EAA8DBA19F3}
		{D9667517-CA17-4B06-ACD6-382C1C8C5BA9} = {92802752-CDA9-4C06-9AA8-4EAA8DBA19F3}
		{2281CAA9-8BB9-4968-84DC-BA4697405112} = {D9C2213D-FFB2-4A37-9DE8-0AD421882FCA}
		{2AA5F6D8-406C-4CBB-B1EB-AA4316210158} = {DEDB2746-DF4C-466E-AB23-BB1C4482D187}
		{F26E5B46-0309-4F48-9EF8-7E71F9FB3804} = {DEDB2746-DF4C-466E-AB23-BB1C4482D187}
		{57AE7CCB-1F8F-46FB-B60E-F8216ADF0B11} = {2AA5F6D8-406C-4CBB-B1EB-AA4316210158}
		{14A4F8FB-DCD2-4CCD-B514-ACE3125556A9} = {2AA5F6D8-406C-4CBB-B1EB-AA4316210158}
		{DE4C8D79-DA73-45B4-B414-4B27D9177A33} = {F26E5B46-0309-4F48-9EF8-7E71F9FB3804}
		{88AA16FF-DBFD-4C6A-9333-ED2E7FF7CC98} = {F26E5B46-0309-4F48-9EF8-7E71F9FB3804}
		{6D8FDB41-970A-42D4-9893-5D9741C1A7A6} = {F26E5B46-0309-4F48-9EF8-7E71F9FB3804}
		{2A8F7586-CFFE-4F57-8B03-C4CB89B766AA} = {7B96A34B-8091-4A69-B963-5606E09143C2}
		{99D5CDDC-A107-4CFC-A36A-9AFB7097FF16} = {7B96A34B-8091-4A69-B963-5606E09143C2}
		{63D25803-6C77-467C-B798-283E570F32FB} = {2A8F7586-CFFE-4F57-8B03-C4CB89B766AA}
		{1A752C88-A4A7-4FE8-BB76-7C9772E476E4} = {63D25803-6C77-467C-B798-283E570F32FB}
		{63708E1C-668F-45B9-9B7B-13ADC9E0EC99} = {2A8F7586-CFFE-4F57-8B03-C4CB89B766AA}
		{49F3717B-4003-42CD-8924-8A0164F87344} = {63708E1C-668F-45B9-9B7B-13ADC9E0EC99}
		{73E99725-9B2A-401A-8560-0718EE7442CF} = {99D5CDDC-A107-4CFC-A36A-9AFB7097FF16}
		{BF95E1C9-FB9D-489D-886A-F19C5A921960} = {63576141-CF3F-49E9-966E-480E1BCAC400}
		{E7A60B13-73DB-4D7D-8FEB-833032BE2F4F} = {84C403A1-42A3-49D7-8F22-F6B903708E65}
		{863097D3-EA57-457A-AC26-C4F73322E57E} = {84C403A1-42A3-49D7-8F22-F6B903708E65}
		{E6D1F02A-E772-463B-B82D-AF0B077954D4} = {BF95E1C9-FB9D-489D-886A-F19C5A921960}
		{C28C9B0D-2698-4138-BF4E-9F4D15DFBC59} = {BF95E1C9-FB9D-489D-886A-F19C5A921960}
		{1697D61B-78D8-436C-8B35-EEC12BA8045F} = {E7A60B13-73DB-4D7D-8FEB-833032BE2F4F}
		{1173DFCB-A27E-484B-A0A6-5CE011313BA6} = {92691F22-F37D-470D-978D-6046ED6F47AD}
		{36CA03AB-59BC-4EA7-A83A-EB4D9AECA9A1} = {92691F22-F37D-470D-978D-6046ED6F47AD}
		{F4AC272E-C667-4988-9BC2-7BF61B9E0631} = {1173DFCB-A27E-484B-A0A6-5CE011313BA6}
		{F8AFDE89-3542-4EAF-B81E-902E5C1D0E8F} = {863097D3-EA57-457A-AC26-C4F73322E57E}
		{D4295A93-6B84-4B1E-850E-7EF8267758A0} = {863097D3-EA57-457A-AC26-C4F73322E57E}
		{A77C058B-5DCC-4D7A-AE3C-05C86FA3EFCE} = {8F1CA9F5-BDE3-4DA6-8421-F58C5E06F903}
		{B3B2E029-710C-4459-B34D-31FA29D61F00} = {8F1CA9F5-BDE3-4DA6-8421-F58C5E06F903}
		{431355B0-067E-4EDB-AFBE-C945E08EBAEC} = {A77C058B-5DCC-4D7A-AE3C-05C86FA3EFCE}
		{F23A76E1-AD95-43C8-835B-FCF13C59E8BC} = {A77C058B-5DCC-4D7A-AE3C-05C86FA3EFCE}
		{31088854-3F16-4138-B605-9EA5C1BB8D81} = {36CA03AB-59BC-4EA7-A83A-EB4D9AECA9A1}
		{B0E36948-6161-4F25-9C06-156A444905D0} = {7693EC2D-A141-4138-ADB0-3393D2E0354B}
		{706534C4-D119-4915-8CAF-F229D953F9CF} = {3FE7293E-B39C-4E0C-8724-A100EB9715D9}
		{141AEE25-697F-4CC5-B383-C5D070D43434} = {7693EC2D-A141-4138-ADB0-3393D2E0354B}
		{BCA08290-DDCA-426D-ABB7-C937E6A22DCA} = {8F417B8E-B42C-4245-B45C-A640A5945C37}
		{11EDF91F-2539-4B68-BEA4-F8B8398A347A} = {8F417B8E-B42C-4245-B45C-A640A5945C37}
		{C8944102-E4DE-4278-80BE-88B062EADBAF} = {8F417B8E-B42C-4245-B45C-A640A5945C37}
		{A2EBD200-CBB2-4E1B-8240-9D6E7E81C42B} = {3FE7293E-B39C-4E0C-8724-A100EB9715D9}
		{C5562716-6974-4182-84EC-2F5DBE2A3D7C} = {E8D23192-6E45-47F9-8407-7B77265870BA}
		{95D949B8-50A6-4551-A9F9-4FB83FD52164} = {E8D23192-6E45-47F9-8407-7B77265870BA}
		{F3CE1340-5BDC-4401-BE03-FE16ACE0FFCA} = {E8D23192-6E45-47F9-8407-7B77265870BA}
		{657E054D-15A6-46CF-B147-AEFACDCF2658} = {E91338B7-CB51-4444-866C-25217BFDB65C}
		{7A77FF71-80E5-4FF3-A0D2-43B06B905F4B} = {E91338B7-CB51-4444-866C-25217BFDB65C}
		{3A411DE1-7D18-4C9B-BB84-13A770AD9DBD} = {E91338B7-CB51-4444-866C-25217BFDB65C}
		{C62BFBF0-15CD-499B-80EF-04698B72F7EF} = {965B8D0E-63B6-45B4-B49F-450DFCB28E24}
		{5130B132-2C37-4CB5-A867-78CC1947FEF1} = {965B8D0E-63B6-45B4-B49F-450DFCB28E24}
		{59B290ED-F4F0-4EEF-B91B-1B1132709E24} = {965B8D0E-63B6-45B4-B49F-450DFCB28E24}
		{ADE9DCE3-8642-46B0-8EC1-C57C94E260C7} = {965B8D0E-63B6-45B4-B49F-450DFCB28E24}
		{948360D2-6FD0-46A7-AF81-9A99B0102BEC} = {F8D1A930-4A4F-46D1-9206-09823403A16E}
		{5A26DF70-9CD4-4BC6-A607-5952D82AA0F9} = {01EB0514-68CC-49EF-A1BB-52C8538DCC2A}
		{F7A61C41-1242-4667-8A4A-3FEEA9ABB252} = {01EB0514-68CC-49EF-A1BB-52C8538DCC2A}
		{8B5C81FB-28FC-45F6-9416-FB8E90DE705C} = {F8D1A930-4A4F-46D1-9206-09823403A16E}
		{DDE8E651-6574-47A7-895E-3445EA7998C9} = {01EB0514-68CC-49EF-A1BB-52C8538DCC2A}
	EndGlobalSection
	GlobalSection(ExtensibilityGlobals) = postSolution
		SolutionGuid = {6EBF1B71-CF72-45E1-B836-7244C8D598A7}
	EndGlobalSection
EndGlobal
